{
  "name": "rotation-engine",
  "version": "1.0.0",
  "lockfileVersion": 2,
  "requires": true,
  "packages": {
    "": {
      "name": "rotation-engine",
      "version": "1.0.0",
      "license": "ISC",
      "dependencies": {
        "csv-parse": "^5.3.3"
      },
      "devDependencies": {
        "@types/node": "^18.11.18",
        "typescript": "^4.9.4"
      }
    },
    "node_modules/@types/node": {
      "version": "18.11.18",
      "resolved": "https://registry.npmjs.org/@types/node/-/node-18.11.18.tgz",
      "integrity": "sha512-DHQpWGjyQKSHj3ebjFI/wRKcqQcdR+MoFBygntYOZytCqNfkd2ZC4ARDJ2DQqhjH5p85Nnd3jhUJIXrszFX/JA==",
      "dev": true
    },
    "node_modules/csv-parse": {
      "version": "5.3.3",
      "resolved": "https://registry.npmjs.org/csv-parse/-/csv-parse-5.3.3.tgz",
      "integrity": "sha512-kEWkAPleNEdhFNkHQpFHu9RYPogsFj3dx6bCxL847fsiLgidzWg0z/O0B1kVWMJUc5ky64zGp18LX2T3DQrOfw=="
    },
    "node_modules/typescript": {
      "version": "4.9.4",
      "resolved": "https://registry.npmjs.org/typescript/-/typescript-4.9.4.tgz",
      "integrity": "sha512-Uz+dTXYzxXXbsFpM86Wh3dKCxrQqUcVMxwU54orwlJjOpO3ao8L7j5lH+dWfTwgCwIuM9GQ2kvVotzYJMXTBZg==",
      "dev": true,
      "bin": {
        "tsc": "bin/tsc",
        "tsserver": "bin/tsserver"
      },
      "engines": {
        "node": ">=4.2.0"
      }
    }
  },
  "dependencies": {
    "@types/node": {
      "version": "18.11.18",
      "resolved": "https://registry.npmjs.org/@types/node/-/node-18.11.18.tgz",
      "integrity": "sha512-DHQpWGjyQKSHj3ebjFI/wRKcqQcdR+MoFBygntYOZytCqNfkd2ZC4ARDJ2DQqhjH5p85Nnd3jhUJIXrszFX/JA==",
      "dev": true
    },
    "csv-parse": {
      "version": "5.3.3",
      "resolved": "https://registry.npmjs.org/csv-parse/-/csv-parse-5.3.3.tgz",
      "integrity": "sha512-kEWkAPleNEdhFNkHQpFHu9RYPogsFj3dx6bCxL847fsiLgidzWg0z/O0B1kVWMJUc5ky64zGp18LX2T3DQrOfw=="
    },
    "typescript": {
      "version": "4.9.4",
      "resolved": "https://registry.npmjs.org/typescript/-/typescript-4.9.4.tgz",
      "integrity": "sha512-Uz+dTXYzxXXbsFpM86Wh3dKCxrQqUcVMxwU54orwlJjOpO3ao8L7j5lH+dWfTwgCwIuM9GQ2kvVotzYJMXTBZg==",
      "dev": true
    }
  }
}
